{
    "name": "vmds-revert-to-old-dls-mobile-elevation",
    "version": "1.0.0",
    "lockfileVersion": 3,
    "requires": true,
    "packages": {
        "": {
            "name": "vmds-revert-to-old-dls-mobile-elevation",
            "version": "1.0.0",
            "devDependencies": {
                "@figma/plugin-typings": "^1.90.0",
                "typescript": "*"
            }
        },
        "node_modules/@figma/plugin-typings": {
            "version": "1.90.0",
            "resolved": "https://registry.npmjs.org/@figma/plugin-typings/-/plugin-typings-1.90.0.tgz",
            "integrity": "sha512-RvZrSkuV0SABRaYuRFO/S30u9+RGKJm6+CPjSG7MaMo60p8S1sX5YOWT+zDWZC6mqNEaxLkrbXdiyqWXsfdHQg==",
            "dev": true
        },
        "node_modules/typescript": {
            "version": "5.3.3",
            "dev": true,
            "license": "Apache-2.0",
            "bin": {
                "tsc": "bin/tsc",
                "tsserver": "bin/tsserver"
            },
            "engines": {
                "node": ">=14.17"
            }
        }
    }
}
